
Microsoft Visual Studio Solution File, Format Version 12.00
# Visual Studio Version 17
VisualStudioVersion = 17.2.32616.157
MinimumVisualStudioVersion = 10.0.40219.1
Project("{6EC3EE1D-3C4E-46DD-8F32-0CC8E7565705}") = "He4rtTwitterSkill", "He4rtTwitterSkill.fsproj", "{CBE2B6DF-FEB9-4389-BDEF-8AC1CEF1324F}"
EndProject
Global
	GlobalSection(SolutionConfigurationPlatforms) = preSolution
		Debug|Any CPU = Debug|Any CPU
		Release|Any CPU = Release|Any CPU
	EndGlobalSection
	GlobalSection(ProjectConfigurationPlatforms) = postSolution
		{CBE2B6DF-FEB9-4389-BDEF-8AC1CEF1324F}.Debug|Any CPU.ActiveCfg = Debug|Any CPU
		{CBE2B6DF-FEB9-4389-BDEF-8AC1CEF1324F}.Debug|Any CPU.Build.0 = Debug|Any CPU
		{CBE2B6DF-FEB9-4389-BDEF-8AC1CEF1324F}.Release|Any CPU.ActiveCfg = Release|Any CPU
		{CBE2B6DF-FEB9-4389-BDEF-8AC1CEF1324F}.Release|Any CPU.Build.0 = Release|Any CPU
	EndGlobalSection
	GlobalSection(SolutionProperties) = preSolution
		HideSolutionNode = FALSE
	EndGlobalSection
	GlobalSection(ExtensibilityGlobals) = postSolution
		SolutionGuid = {8DCB4DED-3B81-4101-B9D5-39519F4D19A8}
	EndGlobalSection
EndGlobal
